
Microsoft Visual Studio Solution File, Format Version 12.00
# Visual Studio Version 17
VisualStudioVersion = 17.7.34031.279
MinimumVisualStudioVersion = 10.0.40219.1
Project("{FAE04EC0-301F-11D3-BF4B-00C04F79EFBC}") = "WebAppMVC", "WebAppMVC\WebAppMVC.csproj", "{D50EC6B4-F266-4D58-B860-7D6D34A4DFCB}"
EndProject
Global
	GlobalSection(SolutionConfigurationPlatforms) = preSolution
		Debug|Any CPU = Debug|Any CPU
		Release|Any CPU = Release|Any CPU
	EndGlobalSection
	GlobalSection(ProjectConfigurationPlatforms) = postSolution
		{D50EC6B4-F266-4D58-B860-7D6D34A4DFCB}.Debug|Any CPU.ActiveCfg = Debug|Any CPU
		{D50EC6B4-F266-4D58-B860-7D6D34A4DFCB}.Debug|Any CPU.Build.0 = Debug|Any CPU
		{D50EC6B4-F266-4D58-B860-7D6D34A4DFCB}.Release|Any CPU.ActiveCfg = Release|Any CPU
		{D50EC6B4-F266-4D58-B860-7D6D34A4DFCB}.Release|Any CPU.Build.0 = Release|Any CPU
	EndGlobalSection
	GlobalSection(SolutionProperties) = preSolution
		HideSolutionNode = FALSE
	EndGlobalSection
	GlobalSection(ExtensibilityGlobals) = postSolution
		SolutionGuid = {DCD71163-A342-4F03-B592-4FEAB9A45973}
	EndGlobalSection
EndGlobal
